
Microsoft Visual Studio Solution File, Format Version 12.00
# Visual Studio Version 16
VisualStudioVersion = 16.0.31702.278
MinimumVisualStudioVersion = 10.0.40219.1
Project("{FAE04EC0-301F-11D3-BF4B-00C04F79EFBC}") = "RegistryReader", "RegistryReader\RegistryReader.csproj", "{075B4480-9020-4EC7-A079-05182C37D7A4}"
EndProject
Project("{FAE04EC0-301F-11D3-BF4B-00C04F79EFBC}") = "OVAConfigSwitcher.Business.Contracts", "OVAConfigSwitcher.Business.Contracts\OVAConfigSwitcher.Business.Contracts.csproj", "{C5C377BA-3FFB-4EAB-8F18-2AFD74B8E5DF}"
EndProject
Project("{FAE04EC0-301F-11D3-BF4B-00C04F79EFBC}") = "OVAConfigSwitcher.Business", "OVAConfigSwitcher.Business\OVAConfigSwitcher.Business.csproj", "{1BC08BBB-D43D-4001-B1A1-8262A3DF731F}"
EndProject
Project("{FAE04EC0-301F-11D3-BF4B-00C04F79EFBC}") = "OVAConfigSwitcher.ConsoleApp", "OVAConfigSwitcher.ConsoleApp\OVAConfigSwitcher.ConsoleApp.csproj", "{F1D54A8F-810B-4F5D-84B2-9860B96237BD}"
EndProject
Global
	GlobalSection(SolutionConfigurationPlatforms) = preSolution
		Debug|Any CPU = Debug|Any CPU
		Release|Any CPU = Release|Any CPU
	EndGlobalSection
	GlobalSection(ProjectConfigurationPlatforms) = postSolution
		{075B4480-9020-4EC7-A079-05182C37D7A4}.Debug|Any CPU.ActiveCfg = Debug|Any CPU
		{075B4480-9020-4EC7-A079-05182C37D7A4}.Debug|Any CPU.Build.0 = Debug|Any CPU
		{075B4480-9020-4EC7-A079-05182C37D7A4}.Release|Any CPU.ActiveCfg = Release|Any CPU
		{075B4480-9020-4EC7-A079-05182C37D7A4}.Release|Any CPU.Build.0 = Release|Any CPU
		{C5C377BA-3FFB-4EAB-8F18-2AFD74B8E5DF}.Debug|Any CPU.ActiveCfg = Debug|Any CPU
		{C5C377BA-3FFB-4EAB-8F18-2AFD74B8E5DF}.Debug|Any CPU.Build.0 = Debug|Any CPU
		{C5C377BA-3FFB-4EAB-8F18-2AFD74B8E5DF}.Release|Any CPU.ActiveCfg = Release|Any CPU
		{C5C377BA-3FFB-4EAB-8F18-2AFD74B8E5DF}.Release|Any CPU.Build.0 = Release|Any CPU
		{1BC08BBB-D43D-4001-B1A1-8262A3DF731F}.Debug|Any CPU.ActiveCfg = Debug|Any CPU
		{1BC08BBB-D43D-4001-B1A1-8262A3DF731F}.Debug|Any CPU.Build.0 = Debug|Any CPU
		{1BC08BBB-D43D-4001-B1A1-8262A3DF731F}.Release|Any CPU.ActiveCfg = Release|Any CPU
		{1BC08BBB-D43D-4001-B1A1-8262A3DF731F}.Release|Any CPU.Build.0 = Release|Any CPU
		{F1D54A8F-810B-4F5D-84B2-9860B96237BD}.Debug|Any CPU.ActiveCfg = Debug|Any CPU
		{F1D54A8F-810B-4F5D-84B2-9860B96237BD}.Debug|Any CPU.Build.0 = Debug|Any CPU
		{F1D54A8F-810B-4F5D-84B2-9860B96237BD}.Release|Any CPU.ActiveCfg = Release|Any CPU
		{F1D54A8F-810B-4F5D-84B2-9860B96237BD}.Release|Any CPU.Build.0 = Release|Any CPU
	EndGlobalSection
	GlobalSection(SolutionProperties) = preSolution
		HideSolutionNode = FALSE
	EndGlobalSection
	GlobalSection(ExtensibilityGlobals) = postSolution
		SolutionGuid = {369606DC-2BBE-42E7-A4BE-BACF716A584D}
	EndGlobalSection
EndGlobal
